# THIS IS AN AUTOGENERATED FILE. DO NOT EDIT THIS FILE DIRECTLY.
# yarn lockfile v1


"@babel/runtime@^7.7.2":
  version "7.8.7"
  resolved "https://registry.yarnpkg.com/@babel/runtime/-/runtime-7.8.7.tgz#8fefce9802db54881ba59f90bb28719b4996324d"
  integrity sha512-+AATMUFppJDw6aiR5NVPHqIQBlV/Pj8wY/EZH+lmvRdUo9xBaz/rF3alAwFJQavvKfeOlPE7oaaDHVbcySbCsg==
  dependencies:
    regenerator-runtime "^0.13.4"

"@jimp/bmp@^0.9.5":
  version "0.9.5"
  resolved "https://registry.yarnpkg.com/@jimp/bmp/-/bmp-0.9.5.tgz#5678cc6029a1a45ec62fe0fe71f345fe2a891805"
  integrity sha512-2cYdgXaNykuPe9sjm11Jihp5VomyWTWziIuDDB7xnxQtEz2HUR0bjXm2MJJOfU0TL52H+LS2JIKtAxcLPzp28w==
  dependencies:
    "@babel/runtime" "^7.7.2"
    "@jimp/utils" "^0.9.5"
    bmp-js "^0.1.0"
    core-js "^3.4.1"

"@jimp/core@^0.9.5":
  version "0.9.5"
  resolved "https://registry.yarnpkg.com/@jimp/core/-/core-0.9.5.tgz#391da8c9bbc34a61ff25ac27a931c05d15b519e1"
  integrity sha512-P1mlB9UOeI3IAQ4lGTmRBGw+F/mHWXd3tSyBskjL4E3YJ1eNK7WRrErUj/vUOvSBIryotu7nGo8vv8Q8JZ7/8w==
  dependencies:
    "@babel/runtime" "^7.7.2"
    "@jimp/utils" "^0.9.5"
    any-base "^1.1.0"
    buffer "^5.2.0"
    core-js "^3.4.1"
    exif-parser "^0.1.12"
    file-type "^9.0.0"
    load-bmfont "^1.3.1"
    mkdirp "0.5.1"
    phin "^2.9.1"
    pixelmatch "^4.0.2"
    tinycolor2 "^1.4.1"

"@jimp/custom@^0.9.3":
  version "0.9.5"
  resolved "https://registry.yarnpkg.com/@jimp/custom/-/custom-0.9.5.tgz#e1a637562580aee30a19dd86e41514e8a7a98d94"
  integrity sha512-FaR7M0oxqbd7ujBL5ryyllS+mEuMKbKaDsdb8Cpu9SAo80DBiasUrYFFD/45/aRa95aM5o8t4C4Pna2bx8t3Tg==
  dependencies:
    "@babel/runtime" "^7.7.2"
    "@jimp/core" "^0.9.5"
    core-js "^3.4.1"

"@jimp/gif@^0.9.5":
  version "0.9.5"
  resolved "https://registry.yarnpkg.com/@jimp/gif/-/gif-0.9.5.tgz#113fe8f02399cbb58fd322bd4bdc6309c68207ad"
  integrity sha512-QxjLl15nIz/QTeNgLFUJIOMLIceMO2B/xLUWF1/WqaP7Su6SGasRS6JY8OZ9QnqJLMWkodoEJmL6DxwtoOtqdg==
  dependencies:
    "@babel/runtime" "^7.7.2"
    "@jimp/utils" "^0.9.5"
    core-js "^3.4.1"
    omggif "^1.0.9"

"@jimp/jpeg@^0.9.5":
  version "0.9.5"
  resolved "https://registry.yarnpkg.com/@jimp/jpeg/-/jpeg-0.9.5.tgz#fb34d933f32a063a60d46fee4addce1de647fb2a"
  integrity sha512-cBpXqmeegsLzf/mYk1WpYov2RH1W944re5P61/ag6AMWEMQ51BoBdgBy5JABZIELg2GQxpoG+g/KxUshRzeIAg==
  dependencies:
    "@babel/runtime" "^7.7.2"
    "@jimp/utils" "^0.9.5"
    core-js "^3.4.1"
    jpeg-js "^0.3.4"

"@jimp/plugin-resize@^0.9.3":
  version "0.9.5"
  resolved "https://registry.yarnpkg.com/@jimp/plugin-resize/-/plugin-resize-0.9.5.tgz#bb965222ffd4addd759ab4eaa1ba53e7ab9423d8"
  integrity sha512-vIMleLPbEv0qTE1Mnc7mg5HSFc4l4FxlbDniVUvpi8ZMFa8IkigcTeAgXUKacevNL7uZ66MrnpQ49J3tNE28dQ==
  dependencies:
    "@babel/runtime" "^7.7.2"
    "@jimp/utils" "^0.9.5"
    core-js "^3.4.1"

"@jimp/png@^0.9.5":
  version "0.9.5"
  resolved "https://registry.yarnpkg.com/@jimp/png/-/png-0.9.5.tgz#d1dff33a336f40fd5e3c8119bb57890aecbd5113"
  integrity sha512-0GPq/XixXcuWIA3gpMCUUj6rhxT78Hu9oDC9reaHUCcC/5cRTd5Eh7wLafZL8EfOZWV3mh2FZtWiY1xaNHHlBQ==
  dependencies:
    "@babel/runtime" "^7.7.2"
    "@jimp/utils" "^0.9.5"
    core-js "^3.4.1"
    pngjs "^3.3.3"

"@jimp/tiff@^0.9.5":
  version "0.9.5"
  resolved "https://registry.yarnpkg.com/@jimp/tiff/-/tiff-0.9.5.tgz#0b4dfcab5238fdabb5725d12a06bb102e12af7c2"
  integrity sha512-EcRtiHsAQ9aygRRMWhGTVfitfHwllgt93GE1L8d/iwSlu3e3IIV38MDINdluQUQMU5jcFBcX6eyVVvsgCleGiQ==
  dependencies:
    "@babel/runtime" "^7.7.2"
    core-js "^3.4.1"
    utif "^2.0.1"

"@jimp/types@^0.9.3":
  version "0.9.5"
  resolved "https://registry.yarnpkg.com/@jimp/types/-/types-0.9.5.tgz#32214f76723342b780d2957572f7c2e6efd1d40f"
  integrity sha512-62inaxx8zy24WMP+bsg6ZmgsL49oyoGUIGcjDKzvyAY/O6opD+UMNlArhl0xvCCdzriQxbljtSv/8uyHxz4Xbw==
  dependencies:
    "@babel/runtime" "^7.7.2"
    "@jimp/bmp" "^0.9.5"
    "@jimp/gif" "^0.9.5"
    "@jimp/jpeg" "^0.9.5"
    "@jimp/png" "^0.9.5"
    "@jimp/tiff" "^0.9.5"
    core-js "^3.4.1"
    timm "^1.6.1"

"@jimp/utils@^0.9.5":
  version "0.9.5"
  resolved "https://registry.yarnpkg.com/@jimp/utils/-/utils-0.9.5.tgz#d661bfb7c2f5aef986efc5bcc7cd3af3e42105ac"
  integrity sha512-W9vse4/1AYmOjtIVACoBMdc/2te1zcPURhMYNEyiezCU7hWMdj/Z1mwiWFq3AYCgOG8GPVx0ZQzrgqUfUxfTHQ==
  dependencies:
    "@babel/runtime" "^7.7.2"
    core-js "^3.4.1"

"@types/lodash@^4.14.53":
  version "4.14.149"
  resolved "https://registry.yarnpkg.com/@types/lodash/-/lodash-4.14.149.tgz#1342d63d948c6062838fbf961012f74d4e638440"
  integrity sha512-ijGqzZt/b7BfzcK9vTrS6MFljQRPn5BFWOx8oE0GYxribu6uV+aA9zZuXI1zc/etK9E8nrgdoF2+LgUw7+9tJQ==

"@types/node@^10.11.7":
  version "10.17.17"
  resolved "https://registry.yarnpkg.com/@types/node/-/node-10.17.17.tgz#7a183163a9e6ff720d86502db23ba4aade5999b8"
  integrity sha512-gpNnRnZP3VWzzj5k3qrpRC6Rk3H/uclhAVo1aIvwzK5p5cOrs9yEyQ8H/HBsBY0u5rrWxXEiVPQ0dEB6pkjE8Q==

ajv@^6.5.5:
  version "6.12.0"
  resolved "https://registry.yarnpkg.com/ajv/-/ajv-6.12.0.tgz#06d60b96d87b8454a5adaba86e7854da629db4b7"
  integrity sha512-D6gFiFA0RRLyUbvijN74DWAjXSFxWKaWP7mldxkVhyhAV3+SWA9HEJPHQ2c9soIeTFJqcSdFDGFgdqs1iUU2Hw==
  dependencies:
    fast-deep-equal "^3.1.1"
    fast-json-stable-stringify "^2.0.0"
    json-schema-traverse "^0.4.1"
    uri-js "^4.2.2"

any-base@^1.1.0:
  version "1.1.0"
  resolved "https://registry.yarnpkg.com/any-base/-/any-base-1.1.0.tgz#ae101a62bc08a597b4c9ab5b7089d456630549fe"
  integrity sha512-uMgjozySS8adZZYePpaWs8cxB9/kdzmpX6SgJZ+wbz1K5eYk5QMYDVJaZKhxyIHUdnnJkfR7SVgStgH7LkGUyg==

asn1@~0.2.3:
  version "0.2.4"
  resolved "https://registry.yarnpkg.com/asn1/-/asn1-0.2.4.tgz#8d2475dfab553bb33e77b54e59e880bb8ce23136"
  integrity sha512-jxwzQpLQjSmWXgwaCZE9Nz+glAG01yF1QnWgbhGwHI5A6FRIEY6IVqtHhIepHqI7/kyEyQEagBC5mBEFlIYvdg==
  dependencies:
    safer-buffer "~2.1.0"

assert-plus@1.0.0, assert-plus@^1.0.0:
  version "1.0.0"
  resolved "https://registry.yarnpkg.com/assert-plus/-/assert-plus-1.0.0.tgz#f12e0f3c5d77b0b1cdd9146942e4e96c1e4dd525"
  integrity sha1-8S4PPF13sLHN2RRpQuTpbB5N1SU=

asynckit@^0.4.0:
  version "0.4.0"
  resolved "https://registry.yarnpkg.com/asynckit/-/asynckit-0.4.0.tgz#c79ed97f7f34cb8f2ba1bc9790bcc366474b4b79"
  integrity sha1-x57Zf380y48robyXkLzDZkdLS3k=

aws-sign2@~0.7.0:
  version "0.7.0"
  resolved "https://registry.yarnpkg.com/aws-sign2/-/aws-sign2-0.7.0.tgz#b46e890934a9591f2d2f6f86d7e6a9f1b3fe76a8"
  integrity sha1-tG6JCTSpWR8tL2+G1+ap8bP+dqg=

aws4@^1.8.0:
  version "1.9.1"
  resolved "https://registry.yarnpkg.com/aws4/-/aws4-1.9.1.tgz#7e33d8f7d449b3f673cd72deb9abdc552dbe528e"
  integrity sha512-wMHVg2EOHaMRxbzgFJ9gtjOOCrI80OHLG14rxi28XwOW8ux6IiEbRCGGGqCtdAIg4FQCbW20k9RsT4y3gJlFug==

base64-js@^1.0.2:
  version "1.3.1"
  resolved "https://registry.yarnpkg.com/base64-js/-/base64-js-1.3.1.tgz#58ece8cb75dd07e71ed08c736abc5fac4dbf8df1"
  integrity sha512-mLQ4i2QO1ytvGWFWmcngKO//JXAQueZvwEKtjgQFM4jIK0kU+ytMfplL8j+n5mspOfjHwoAg+9yhb7BwAHm36g==

bcrypt-pbkdf@^1.0.0:
  version "1.0.2"
  resolved "https://registry.yarnpkg.com/bcrypt-pbkdf/-/bcrypt-pbkdf-1.0.2.tgz#a4301d389b6a43f9b67ff3ca11a3f6637e360e9e"
  integrity sha1-pDAdOJtqQ/m2f/PKEaP2Y342Dp4=
  dependencies:
    tweetnacl "^0.14.3"

bignumber.js@^2.1.0:
  version "2.4.0"
  resolved "https://registry.yarnpkg.com/bignumber.js/-/bignumber.js-2.4.0.tgz#838a992da9f9d737e0f4b2db0be62bb09dd0c5e8"
  integrity sha1-g4qZLan51zfg9LLbC+YrsJ3Qxeg=

bmp-js@0.0.3:
  version "0.0.3"
  resolved "https://registry.yarnpkg.com/bmp-js/-/bmp-js-0.0.3.tgz#64113e9c7cf1202b376ed607bf30626ebe57b18a"
  integrity sha1-ZBE+nHzxICs3btYHvzBibr5XsYo=

bmp-js@^0.1.0:
  version "0.1.0"
  resolved "https://registry.yarnpkg.com/bmp-js/-/bmp-js-0.1.0.tgz#e05a63f796a6c1ff25f4771ec7adadc148c07233"
  integrity sha1-4Fpj95amwf8l9Hcex62twUjAcjM=

buffer-equal@0.0.1:
  version "0.0.1"
  resolved "https://registry.yarnpkg.com/buffer-equal/-/buffer-equal-0.0.1.tgz#91bc74b11ea405bc916bc6aa908faafa5b4aac4b"
  integrity sha1-kbx0sR6kBbyRa8aqkI+q+ltKrEs=

buffer@^5.2.0:
  version "5.5.0"
  resolved "https://registry.yarnpkg.com/buffer/-/buffer-5.5.0.tgz#9c3caa3d623c33dd1c7ef584b89b88bf9c9bc1ce"
  integrity sha512-9FTEDjLjwoAkEwyMGDjYJQN2gfRgOKBKRfiglhvibGbpeeU/pQn1bJxQqm32OD/AIeEuHxU9roxXxg34Byp/Ww==
  dependencies:
    base64-js "^1.0.2"
    ieee754 "^1.1.4"

caseless@~0.12.0:
  version "0.12.0"
  resolved "https://registry.yarnpkg.com/caseless/-/caseless-0.12.0.tgz#1b681c21ff84033c826543090689420d187151dc"
  integrity sha1-G2gcIf+EAzyCZUMJBolCDRhxUdw=

combined-stream@^1.0.6, combined-stream@~1.0.6:
  version "1.0.8"
  resolved "https://registry.yarnpkg.com/combined-stream/-/combined-stream-1.0.8.tgz#c3d45a8b34fd730631a110a8a2520682b31d5a7f"
  integrity sha512-FQN4MRfuJeHf7cBbBMJFXhKSDq+2kAArBlmRBvcvFE5BB1HZKXtSFASDhdlz9zOYwxh8lDdnvmMOe/+5cdoEdg==
  dependencies:
    delayed-stream "~1.0.0"

core-js@^3.4.1:
  version "3.6.4"
  resolved "https://registry.yarnpkg.com/core-js/-/core-js-3.6.4.tgz#440a83536b458114b9cb2ac1580ba377dc470647"
  integrity sha512-4paDGScNgZP2IXXilaffL9X7968RuvwlkK3xWtZRVqgd8SYNiVKRJvkFd1aqqEuPfN7E68ZHEp9hDj6lHj4Hyw==

core-util-is@1.0.2:
  version "1.0.2"
  resolved "https://registry.yarnpkg.com/core-util-is/-/core-util-is-1.0.2.tgz#b5fd54220aa2bc5ab57aab7140c940754503c1a7"
  integrity sha1-tf1UIgqivFq1eqtxQMlAdUUDwac=

dashdash@^1.12.0:
  version "1.14.1"
  resolved "https://registry.yarnpkg.com/dashdash/-/dashdash-1.14.1.tgz#853cfa0f7cbe2fed5de20326b8dd581035f6e2f0"
  integrity sha1-hTz6D3y+L+1d4gMmuN1YEDX24vA=
  dependencies:
    assert-plus "^1.0.0"

delayed-stream@~1.0.0:
  version "1.0.0"
  resolved "https://registry.yarnpkg.com/delayed-stream/-/delayed-stream-1.0.0.tgz#df3ae199acadfb7d440aaae0b29e2272b24ec619"
  integrity sha1-3zrhmayt+31ECqrgsp4icrJOxhk=

dom-walk@^0.1.0:
  version "0.1.1"
  resolved "https://registry.yarnpkg.com/dom-walk/-/dom-walk-0.1.1.tgz#672226dc74c8f799ad35307df936aba11acd6018"
  integrity sha1-ZyIm3HTI95mtNTB9+TaroRrNYBg=

ecc-jsbn@~0.1.1:
  version "0.1.2"
  resolved "https://registry.yarnpkg.com/ecc-jsbn/-/ecc-jsbn-0.1.2.tgz#3a83a904e54353287874c564b7549386849a98c9"
  integrity sha1-OoOpBOVDUyh4dMVkt1SThoSamMk=
  dependencies:
    jsbn "~0.1.0"
    safer-buffer "^2.1.0"

es6-promise@^3.0.2:
  version "3.3.1"
  resolved "https://registry.yarnpkg.com/es6-promise/-/es6-promise-3.3.1.tgz#a08cdde84ccdbf34d027a1451bc91d4bcd28a613"
  integrity sha1-oIzd6EzNvzTQJ6FFG8kdS80ophM=

exif-parser@^0.1.12, exif-parser@^0.1.9:
  version "0.1.12"
  resolved "https://registry.yarnpkg.com/exif-parser/-/exif-parser-0.1.12.tgz#58a9d2d72c02c1f6f02a0ef4a9166272b7760922"
  integrity sha1-WKnS1ywCwfbwKg70qRZicrd2CSI=

extend@~3.0.2:
  version "3.0.2"
  resolved "https://registry.yarnpkg.com/extend/-/extend-3.0.2.tgz#f8b1136b4071fbd8eb140aff858b1019ec2915fa"
  integrity sha512-fjquC59cD7CyW6urNXK0FBufkZcoiGG80wTuPujX590cB5Ttln20E2UB4S/WARVqhXffZl2LNgS+gQdPIIim/g==

extsprintf@1.3.0:
  version "1.3.0"
  resolved "https://registry.yarnpkg.com/extsprintf/-/extsprintf-1.3.0.tgz#96918440e3041a7a414f8c52e3c574eb3c3e1e05"
  integrity sha1-lpGEQOMEGnpBT4xS48V06zw+HgU=

extsprintf@^1.2.0:
  version "1.4.0"
  resolved "https://registry.yarnpkg.com/extsprintf/-/extsprintf-1.4.0.tgz#e2689f8f356fad62cca65a3a91c5df5f9551692f"
  integrity sha1-4mifjzVvrWLMplo6kcXfX5VRaS8=

fast-deep-equal@^3.1.1:
  version "3.1.1"
  resolved "https://registry.yarnpkg.com/fast-deep-equal/-/fast-deep-equal-3.1.1.tgz#545145077c501491e33b15ec408c294376e94ae4"
  integrity sha512-8UEa58QDLauDNfpbrX55Q9jrGHThw2ZMdOky5Gl1CDtVeJDPVrG4Jxx1N8jw2gkWaff5UUuX1KJd+9zGe2B+ZA==

fast-json-stable-stringify@^2.0.0:
  version "2.1.0"
  resolved "https://registry.yarnpkg.com/fast-json-stable-stringify/-/fast-json-stable-stringify-2.1.0.tgz#874bf69c6f404c2b5d99c481341399fd55892633"
  integrity sha512-lhd/wF+Lk98HZoTCtlVraHtfh5XYijIjalXck7saUtuanSDyLMxnHhSXEDJqHxD7msR8D0uCmqlkwjCV8xvwHw==

file-type@^3.1.0:
  version "3.9.0"
  resolved "https://registry.yarnpkg.com/file-type/-/file-type-3.9.0.tgz#257a078384d1db8087bc449d107d52a52672b9e9"
  integrity sha1-JXoHg4TR24CHvESdEH1SpSZyuek=

file-type@^9.0.0:
  version "9.0.0"
  resolved "https://registry.yarnpkg.com/file-type/-/file-type-9.0.0.tgz#a68d5ad07f486414dfb2c8866f73161946714a18"
  integrity sha512-Qe/5NJrgIOlwijpq3B7BEpzPFcgzggOTagZmkXQY4LA6bsXKTUstK7Wp12lEJ/mLKTpvIZxmIuRcLYWT6ov9lw==

forever-agent@~0.6.1:
  version "0.6.1"
  resolved "https://registry.yarnpkg.com/forever-agent/-/forever-agent-0.6.1.tgz#fbc71f0c41adeb37f96c577ad1ed42d8fdacca91"
  integrity sha1-+8cfDEGt6zf5bFd60e1C2P2sypE=

form-data@~2.3.2:
  version "2.3.3"
  resolved "https://registry.yarnpkg.com/form-data/-/form-data-2.3.3.tgz#dcce52c05f644f298c6a7ab936bd724ceffbf3a6"
  integrity sha512-1lLKB2Mu3aGP1Q/2eCOx0fNbRMe7XdwktwOruhfqqd0rIJWwN4Dh+E3hrPSlDCXnSR7UtZ1N38rVXm+6+MEhJQ==
  dependencies:
    asynckit "^0.4.0"
    combined-stream "^1.0.6"
    mime-types "^2.1.12"

getpass@^0.1.1:
  version "0.1.7"
  resolved "https://registry.yarnpkg.com/getpass/-/getpass-0.1.7.tgz#5eff8e3e684d569ae4cb2b1282604e8ba62149fa"
  integrity sha1-Xv+OPmhNVprkyysSgmBOi6YhSfo=
  dependencies:
    assert-plus "^1.0.0"

global@~4.3.0:
  version "4.3.2"
  resolved "https://registry.yarnpkg.com/global/-/global-4.3.2.tgz#e76989268a6c74c38908b1305b10fc0e394e9d0f"
  integrity sha1-52mJJopsdMOJCLEwWxD8DjlOnQ8=
  dependencies:
    min-document "^2.19.0"
    process "~0.5.1"

har-schema@^2.0.0:
  version "2.0.0"
  resolved "https://registry.yarnpkg.com/har-schema/-/har-schema-2.0.0.tgz#a94c2224ebcac04782a0d9035521f24735b7ec92"
  integrity sha1-qUwiJOvKwEeCoNkDVSHyRzW37JI=

har-validator@~5.1.3:
  version "5.1.3"
  resolved "https://registry.yarnpkg.com/har-validator/-/har-validator-5.1.3.tgz#1ef89ebd3e4996557675eed9893110dc350fa080"
  integrity sha512-sNvOCzEQNr/qrvJgc3UG/kD4QtlHycrzwS+6mfTrrSq97BvaYcPZZI1ZSqGSPR73Cxn4LKTD4PttRwfU7jWq5g==
  dependencies:
    ajv "^6.5.5"
    har-schema "^2.0.0"

http-signature@~1.2.0:
  version "1.2.0"
  resolved "https://registry.yarnpkg.com/http-signature/-/http-signature-1.2.0.tgz#9aecd925114772f3d95b65a60abb8f7c18fbace1"
  integrity sha1-muzZJRFHcvPZW2WmCruPfBj7rOE=
  dependencies:
    assert-plus "^1.0.0"
    jsprim "^1.2.2"
    sshpk "^1.7.0"

ieee754@^1.1.4:
  version "1.1.13"
  resolved "https://registry.yarnpkg.com/ieee754/-/ieee754-1.1.13.tgz#ec168558e95aa181fd87d37f55c32bbcb6708b84"
  integrity sha512-4vf7I2LYV/HaWerSo3XmlMkp5eZ83i+/CDluXi/IGTs/O1sejBNhTtnxzmRZfvOUqj7lZjqHkeTvpgSFDlWZTg==

ip-regex@^1.0.1:
  version "1.0.3"
  resolved "https://registry.yarnpkg.com/ip-regex/-/ip-regex-1.0.3.tgz#dc589076f659f419c222039a33316f1c7387effd"
  integrity sha1-3FiQdvZZ9BnCIgOaMzFvHHOH7/0=

is-function@^1.0.1:
  version "1.0.1"
  resolved "https://registry.yarnpkg.com/is-function/-/is-function-1.0.1.tgz#12cfb98b65b57dd3d193a3121f5f6e2f437602b5"
  integrity sha1-Es+5i2W1fdPRk6MSH19uL0N2ArU=

is-typedarray@~1.0.0:
  version "1.0.0"
  resolved "https://registry.yarnpkg.com/is-typedarray/-/is-typedarray-1.0.0.tgz#e479c80858df0c1b11ddda6940f96011fcda4a9a"
  integrity sha1-5HnICFjfDBsR3dppQPlgEfzaSpo=

isstream@~0.1.2:
  version "0.1.2"
  resolved "https://registry.yarnpkg.com/isstream/-/isstream-0.1.2.tgz#47e63f7af55afa6f92e1500e690eb8b8529c099a"
  integrity sha1-R+Y/evVa+m+S4VAOaQ64uFKcCZo=

jimp@^0.2.28:
  version "0.2.28"
  resolved "https://registry.yarnpkg.com/jimp/-/jimp-0.2.28.tgz#dd529a937190f42957a7937d1acc3a7762996ea2"
  integrity sha1-3VKak3GQ9ClXp5N9Gsw6d2KZbqI=
  dependencies:
    bignumber.js "^2.1.0"
    bmp-js "0.0.3"
    es6-promise "^3.0.2"
    exif-parser "^0.1.9"
    file-type "^3.1.0"
    jpeg-js "^0.2.0"
    load-bmfont "^1.2.3"
    mime "^1.3.4"
    mkdirp "0.5.1"
    pixelmatch "^4.0.0"
    pngjs "^3.0.0"
    read-chunk "^1.0.1"
    request "^2.65.0"
    stream-to-buffer "^0.1.0"
    tinycolor2 "^1.1.2"
    url-regex "^3.0.0"

jpeg-js@^0.2.0:
  version "0.2.0"
  resolved "https://registry.yarnpkg.com/jpeg-js/-/jpeg-js-0.2.0.tgz#53e448ec9d263e683266467e9442d2c5a2ef5482"
  integrity sha1-U+RI7J0mPmgyZkZ+lELSxaLvVII=

jpeg-js@^0.3.4:
  version "0.3.7"
  resolved "https://registry.yarnpkg.com/jpeg-js/-/jpeg-js-0.3.7.tgz#471a89d06011640592d314158608690172b1028d"
  integrity sha512-9IXdWudL61npZjvLuVe/ktHiA41iE8qFyLB+4VDTblEsWBzeg8WQTlktdUK4CdncUqtUgUg0bbOmTE2bKBKaBQ==

jsbn@~0.1.0:
  version "0.1.1"
  resolved "https://registry.yarnpkg.com/jsbn/-/jsbn-0.1.1.tgz#a5e654c2e5a2deb5f201d96cefbca80c0ef2f513"
  integrity sha1-peZUwuWi3rXyAdls77yoDA7y9RM=

json-schema-traverse@^0.4.1:
  version "0.4.1"
  resolved "https://registry.yarnpkg.com/json-schema-traverse/-/json-schema-traverse-0.4.1.tgz#69f6a87d9513ab8bb8fe63bdb0979c448e684660"
  integrity sha512-xbbCH5dCYU5T8LcEhhuh7HJ88HXuW3qsI3Y0zOZFKfZEHcpWiHU/Jxzk629Brsab/mMiHQti9wMP+845RPe3Vg==

json-schema@0.2.3:
  version "0.2.3"
  resolved "https://registry.yarnpkg.com/json-schema/-/json-schema-0.2.3.tgz#b480c892e59a2f05954ce727bd3f2a4e882f9e13"
  integrity sha1-tIDIkuWaLwWVTOcnvT8qTogvnhM=

json-stringify-safe@~5.0.1:
  version "5.0.1"
  resolved "https://registry.yarnpkg.com/json-stringify-safe/-/json-stringify-safe-5.0.1.tgz#1296a2d58fd45f19a0f6ce01d65701e2c735b6eb"
  integrity sha1-Epai1Y/UXxmg9s4B1lcB4sc1tus=

jsprim@^1.2.2:
  version "1.4.1"
  resolved "https://registry.yarnpkg.com/jsprim/-/jsprim-1.4.1.tgz#313e66bc1e5cc06e438bc1b7499c2e5c56acb6a2"
  integrity sha1-MT5mvB5cwG5Di8G3SZwuXFastqI=
  dependencies:
    assert-plus "1.0.0"
    extsprintf "1.3.0"
    json-schema "0.2.3"
    verror "1.10.0"

load-bmfont@^1.2.3, load-bmfont@^1.3.1:
  version "1.4.0"
  resolved "https://registry.yarnpkg.com/load-bmfont/-/load-bmfont-1.4.0.tgz#75f17070b14a8c785fe7f5bee2e6fd4f98093b6b"
  integrity sha512-kT63aTAlNhZARowaNYcY29Fn/QYkc52M3l6V1ifRcPewg2lvUZDAj7R6dXjOL9D0sict76op3T5+odumDSF81g==
  dependencies:
    buffer-equal "0.0.1"
    mime "^1.3.4"
    parse-bmfont-ascii "^1.0.3"
    parse-bmfont-binary "^1.0.5"
    parse-bmfont-xml "^1.1.4"
    phin "^2.9.1"
    xhr "^2.0.1"
    xtend "^4.0.0"

lodash.sortby@^4.7.0:
  version "4.7.0"
  resolved "https://registry.yarnpkg.com/lodash.sortby/-/lodash.sortby-4.7.0.tgz#edd14c824e2cc9c1e0b0a1b42bb5210516a42438"
  integrity sha1-7dFMgk4sycHgsKG0K7UhBRakJDg=

lodash@^4.17.4:
  version "4.17.15"
  resolved "https://registry.yarnpkg.com/lodash/-/lodash-4.17.15.tgz#b447f6670a0455bbfeedd11392eff330ea097548"
  integrity sha512-8xOcRHvCjnocdS5cpwXQXVzmmh5e5+saE2QGoeQmbKmRS6J3VQppPOIt0MnmE+4xlZoumy0GPG0D0MVIQbNA1A==

lqip@^2.1.0:
  version "2.1.0"
  resolved "https://registry.yarnpkg.com/lqip/-/lqip-2.1.0.tgz#e1a9f677bd3d2ccdf904116600ec4c9acfbc397c"
  integrity sha512-cnQw+89wUk+GSyeaaUuqeJl0XwpCQDcgXZPDBNnExdnCeVdFIrIVI29tae9GmC09LYgPY0IJZjixG6sdn7IYsQ==
  dependencies:
    jimp "^0.2.28"
    lodash.sortby "^4.7.0"
    node-vibrant "^3.0.0-alpha.2"

mime-db@1.43.0:
  version "1.43.0"
  resolved "https://registry.yarnpkg.com/mime-db/-/mime-db-1.43.0.tgz#0a12e0502650e473d735535050e7c8f4eb4fae58"
  integrity sha512-+5dsGEEovYbT8UY9yD7eE4XTc4UwJ1jBYlgaQQF38ENsKR3wj/8q8RFZrF9WIZpB2V1ArTVFUva8sAul1NzRzQ==

mime-types@^2.1.12, mime-types@~2.1.19:
  version "2.1.26"
  resolved "https://registry.yarnpkg.com/mime-types/-/mime-types-2.1.26.tgz#9c921fc09b7e149a65dfdc0da4d20997200b0a06"
  integrity sha512-01paPWYgLrkqAyrlDorC1uDwl2p3qZT7yl806vW7DvDoxwXi46jsjFbg+WdwotBIk6/MbEhO/dh5aZ5sNj/dWQ==
  dependencies:
    mime-db "1.43.0"

mime@^1.3.4:
  version "1.6.0"
  resolved "https://registry.yarnpkg.com/mime/-/mime-1.6.0.tgz#32cd9e5c64553bd58d19a568af452acff04981b1"
  integrity sha512-x0Vn8spI+wuJ1O6S7gnbaQg8Pxh4NNHb7KSINmEWKiPE4RKOplvijn+NkmYmmRgP68mc70j2EbeTFRsrswaQeg==

min-document@^2.19.0:
  version "2.19.0"
  resolved "https://registry.yarnpkg.com/min-document/-/min-document-2.19.0.tgz#7bd282e3f5842ed295bb748cdd9f1ffa2c824685"
  integrity sha1-e9KC4/WELtKVu3SM3Z8f+iyCRoU=
  dependencies:
    dom-walk "^0.1.0"

minimist@0.0.8:
  version "0.0.8"
  resolved "https://registry.yarnpkg.com/minimist/-/minimist-0.0.8.tgz#857fcabfc3397d2625b8228262e86aa7a011b05d"
  integrity sha1-hX/Kv8M5fSYluCKCYuhqp6ARsF0=

mkdirp@0.5.1:
  version "0.5.1"
  resolved "https://registry.yarnpkg.com/mkdirp/-/mkdirp-0.5.1.tgz#30057438eac6cf7f8c4767f38648d6697d75c903"
  integrity sha1-MAV0OOrGz3+MR2fzhkjWaX11yQM=
  dependencies:
    minimist "0.0.8"

node-vibrant@^3.0.0-alpha.2:
  version "3.1.5"
  resolved "https://registry.yarnpkg.com/node-vibrant/-/node-vibrant-3.1.5.tgz#8729bf35aabd54cd2eccbfadf22124ab4e1305b0"
  integrity sha512-Gk+iyBzPSN1SF5qL818QaBtuA38206Z8iPNa0PcLUPyIbZL4+i14VmYxkGCL0n/5Q1721CRSktqtACgkx7Qodg==
  dependencies:
    "@jimp/custom" "^0.9.3"
    "@jimp/plugin-resize" "^0.9.3"
    "@jimp/types" "^0.9.3"
    "@types/lodash" "^4.14.53"
    "@types/node" "^10.11.7"
    lodash "^4.17.4"
    url "^0.11.0"

oauth-sign@~0.9.0:
  version "0.9.0"
  resolved "https://registry.yarnpkg.com/oauth-sign/-/oauth-sign-0.9.0.tgz#47a7b016baa68b5fa0ecf3dee08a85c679ac6455"
  integrity sha512-fexhUFFPTGV8ybAtSIGbV6gOkSv8UtRbDBnAyLQw4QPKkgNlsH2ByPGtMUqdWkos6YCRmAqViwgZrJc/mRDzZQ==

omggif@^1.0.9:
  version "1.0.10"
  resolved "https://registry.yarnpkg.com/omggif/-/omggif-1.0.10.tgz#ddaaf90d4a42f532e9e7cb3a95ecdd47f17c7b19"
  integrity sha512-LMJTtvgc/nugXj0Vcrrs68Mn2D1r0zf630VNtqtpI1FEO7e+O9FP4gqs9AcnBaSEeoHIPm28u6qgPR0oyEpGSw==

pako@^1.0.5:
  version "1.0.11"
  resolved "https://registry.yarnpkg.com/pako/-/pako-1.0.11.tgz#6c9599d340d54dfd3946380252a35705a6b992bf"
  integrity sha512-4hLB8Py4zZce5s4yd9XzopqwVv/yGNhV1Bl8NTmCq1763HeK2+EwVTv+leGeL13Dnh2wfbqowVPXCIO0z4taYw==

parse-bmfont-ascii@^1.0.3:
  version "1.0.6"
  resolved "https://registry.yarnpkg.com/parse-bmfont-ascii/-/parse-bmfont-ascii-1.0.6.tgz#11ac3c3ff58f7c2020ab22769079108d4dfa0285"
  integrity sha1-Eaw8P/WPfCAgqyJ2kHkQjU36AoU=

parse-bmfont-binary@^1.0.5:
  version "1.0.6"
  resolved "https://registry.yarnpkg.com/parse-bmfont-binary/-/parse-bmfont-binary-1.0.6.tgz#d038b476d3e9dd9db1e11a0b0e53a22792b69006"
  integrity sha1-0Di0dtPp3Z2x4RoLDlOiJ5K2kAY=

parse-bmfont-xml@^1.1.4:
  version "1.1.4"
  resolved "https://registry.yarnpkg.com/parse-bmfont-xml/-/parse-bmfont-xml-1.1.4.tgz#015319797e3e12f9e739c4d513872cd2fa35f389"
  integrity sha512-bjnliEOmGv3y1aMEfREMBJ9tfL3WR0i0CKPj61DnSLaoxWR3nLrsQrEbCId/8rF4NyRF0cCqisSVXyQYWM+mCQ==
  dependencies:
    xml-parse-from-string "^1.0.0"
    xml2js "^0.4.5"

parse-headers@^2.0.0:
  version "2.0.3"
  resolved "https://registry.yarnpkg.com/parse-headers/-/parse-headers-2.0.3.tgz#5e8e7512383d140ba02f0c7aa9f49b4399c92515"
  integrity sha512-QhhZ+DCCit2Coi2vmAKbq5RGTRcQUOE2+REgv8vdyu7MnYx2eZztegqtTx99TZ86GTIwqiy3+4nQTWZ2tgmdCA==

performance-now@^2.1.0:
  version "2.1.0"
  resolved "https://registry.yarnpkg.com/performance-now/-/performance-now-2.1.0.tgz#6309f4e0e5fa913ec1c69307ae364b4b377c9e7b"
  integrity sha1-Ywn04OX6kT7BxpMHrjZLSzd8nns=

phin@^2.9.1:
  version "2.9.3"
  resolved "https://registry.yarnpkg.com/phin/-/phin-2.9.3.tgz#f9b6ac10a035636fb65dfc576aaaa17b8743125c"
  integrity sha512-CzFr90qM24ju5f88quFC/6qohjC144rehe5n6DH900lgXmUe86+xCKc10ev56gRKC4/BkHUoG4uSiQgBiIXwDA==

pixelmatch@^4.0.0, pixelmatch@^4.0.2:
  version "4.0.2"
  resolved "https://registry.yarnpkg.com/pixelmatch/-/pixelmatch-4.0.2.tgz#8f47dcec5011b477b67db03c243bc1f3085e8854"
  integrity sha1-j0fc7FARtHe2fbA8JDvB8wheiFQ=
  dependencies:
    pngjs "^3.0.0"

pngjs@^3.0.0, pngjs@^3.3.3:
  version "3.4.0"
  resolved "https://registry.yarnpkg.com/pngjs/-/pngjs-3.4.0.tgz#99ca7d725965fb655814eaf65f38f12bbdbf555f"
  integrity sha512-NCrCHhWmnQklfH4MtJMRjZ2a8c80qXeMlQMv2uVp9ISJMTt562SbGd6n2oq0PaPgKm7Z6pL9E2UlLIhC+SHL3w==

process@~0.5.1:
  version "0.5.2"
  resolved "https://registry.yarnpkg.com/process/-/process-0.5.2.tgz#1638d8a8e34c2f440a91db95ab9aeb677fc185cf"
  integrity sha1-FjjYqONML0QKkduVq5rrZ3/Bhc8=

psl@^1.1.28:
  version "1.7.0"
  resolved "https://registry.yarnpkg.com/psl/-/psl-1.7.0.tgz#f1c4c47a8ef97167dea5d6bbf4816d736e884a3c"
  integrity sha512-5NsSEDv8zY70ScRnOTn7bK7eanl2MvFrOrS/R6x+dBt5g1ghnj9Zv90kO8GwT8gxcu2ANyFprnFYB85IogIJOQ==

punycode@1.3.2:
  version "1.3.2"
  resolved "https://registry.yarnpkg.com/punycode/-/punycode-1.3.2.tgz#9653a036fb7c1ee42342f2325cceefea3926c48d"
  integrity sha1-llOgNvt8HuQjQvIyXM7v6jkmxI0=

punycode@^2.1.0, punycode@^2.1.1:
  version "2.1.1"
  resolved "https://registry.yarnpkg.com/punycode/-/punycode-2.1.1.tgz#b58b010ac40c22c5657616c8d2c2c02c7bf479ec"
  integrity sha512-XRsRjdf+j5ml+y/6GKHPZbrF/8p2Yga0JPtdqTIY2Xe5ohJPD9saDJJLPvp9+NSBprVvevdXZybnj2cv8OEd0A==

qs@~6.5.2:
  version "6.5.2"
  resolved "https://registry.yarnpkg.com/qs/-/qs-6.5.2.tgz#cb3ae806e8740444584ef154ce8ee98d403f3e36"
  integrity sha512-N5ZAX4/LxJmF+7wN74pUD6qAh9/wnvdQcjq9TZjevvXzSUo7bfmw91saqMjzGS2xq91/odN2dW/WOl7qQHNDGA==

querystring@0.2.0:
  version "0.2.0"
  resolved "https://registry.yarnpkg.com/querystring/-/querystring-0.2.0.tgz#b209849203bb25df820da756e747005878521620"
  integrity sha1-sgmEkgO7Jd+CDadW50cAWHhSFiA=

read-chunk@^1.0.1:
  version "1.0.1"
  resolved "https://registry.yarnpkg.com/read-chunk/-/read-chunk-1.0.1.tgz#5f68cab307e663f19993527d9b589cace4661194"
  integrity sha1-X2jKswfmY/GZk1J9m1icrORmEZQ=

regenerator-runtime@^0.13.4:
  version "0.13.4"
  resolved "https://registry.yarnpkg.com/regenerator-runtime/-/regenerator-runtime-0.13.4.tgz#e96bf612a3362d12bb69f7e8f74ffeab25c7ac91"
  integrity sha512-plpwicqEzfEyTQohIKktWigcLzmNStMGwbOUbykx51/29Z3JOGYldaaNGK7ngNXV+UcoqvIMmloZ48Sr74sd+g==

request@^2.65.0:
  version "2.88.2"
  resolved "https://registry.yarnpkg.com/request/-/request-2.88.2.tgz#d73c918731cb5a87da047e207234146f664d12b3"
  integrity sha512-MsvtOrfG9ZcrOwAW+Qi+F6HbD0CWXEh9ou77uOb7FM2WPhwT7smM833PzanhJLsgXjN89Ir6V2PczXNnMpwKhw==
  dependencies:
    aws-sign2 "~0.7.0"
    aws4 "^1.8.0"
    caseless "~0.12.0"
    combined-stream "~1.0.6"
    extend "~3.0.2"
    forever-agent "~0.6.1"
    form-data "~2.3.2"
    har-validator "~5.1.3"
    http-signature "~1.2.0"
    is-typedarray "~1.0.0"
    isstream "~0.1.2"
    json-stringify-safe "~5.0.1"
    mime-types "~2.1.19"
    oauth-sign "~0.9.0"
    performance-now "^2.1.0"
    qs "~6.5.2"
    safe-buffer "^5.1.2"
    tough-cookie "~2.5.0"
    tunnel-agent "^0.6.0"
    uuid "^3.3.2"

safe-buffer@^5.0.1, safe-buffer@^5.1.2:
  version "5.2.0"
  resolved "https://registry.yarnpkg.com/safe-buffer/-/safe-buffer-5.2.0.tgz#b74daec49b1148f88c64b68d49b1e815c1f2f519"
  integrity sha512-fZEwUGbVl7kouZs1jCdMLdt95hdIv0ZeHg6L7qPeciMZhZ+/gdesW4wgTARkrFWEpspjEATAzUGPG8N2jJiwbg==

safer-buffer@^2.0.2, safer-buffer@^2.1.0, safer-buffer@~2.1.0:
  version "2.1.2"
  resolved "https://registry.yarnpkg.com/safer-buffer/-/safer-buffer-2.1.2.tgz#44fa161b0187b9549dd84bb91802f9bd8385cd6a"
  integrity sha512-YZo3K82SD7Riyi0E1EQPojLz7kpepnSQI9IyPbHHg1XXXevb5dJI7tpyN2ADxGcQbHG7vcyRHk0cbwqcQriUtg==

sax@>=0.6.0:
  version "1.2.4"
  resolved "https://registry.yarnpkg.com/sax/-/sax-1.2.4.tgz#2816234e2378bddc4e5354fab5caa895df7100d9"
  integrity sha512-NqVDv9TpANUjFm0N8uM5GxL36UgKi9/atZw+x7YFnQ8ckwFGKrl4xX4yWtrey3UJm5nP1kUbnYgLopqWNSRhWw==

sshpk@^1.7.0:
  version "1.16.1"
  resolved "https://registry.yarnpkg.com/sshpk/-/sshpk-1.16.1.tgz#fb661c0bef29b39db40769ee39fa70093d6f6877"
  integrity sha512-HXXqVUq7+pcKeLqqZj6mHFUMvXtOJt1uoUx09pFW6011inTMxqI8BA8PM95myrIyyKwdnzjdFjLiE6KBPVtJIg==
  dependencies:
    asn1 "~0.2.3"
    assert-plus "^1.0.0"
    bcrypt-pbkdf "^1.0.0"
    dashdash "^1.12.0"
    ecc-jsbn "~0.1.1"
    getpass "^0.1.1"
    jsbn "~0.1.0"
    safer-buffer "^2.0.2"
    tweetnacl "~0.14.0"

stream-to-buffer@^0.1.0:
  version "0.1.0"
  resolved "https://registry.yarnpkg.com/stream-to-buffer/-/stream-to-buffer-0.1.0.tgz#26799d903ab2025c9bd550ac47171b00f8dd80a9"
  integrity sha1-JnmdkDqyAlyb1VCsRxcbAPjdgKk=
  dependencies:
    stream-to "~0.2.0"

stream-to@~0.2.0:
  version "0.2.2"
  resolved "https://registry.yarnpkg.com/stream-to/-/stream-to-0.2.2.tgz#84306098d85fdb990b9fa300b1b3ccf55e8ef01d"
  integrity sha1-hDBgmNhf25kLn6MAsbPM9V6O8B0=

timm@^1.6.1:
  version "1.6.2"
  resolved "https://registry.yarnpkg.com/timm/-/timm-1.6.2.tgz#dfd8c6719f7ba1fcfc6295a32670a1c6d166c0bd"
  integrity sha512-IH3DYDL1wMUwmIlVmMrmesw5lZD6N+ZOAFWEyLrtpoL9Bcrs9u7M/vyOnHzDD2SMs4irLkVjqxZbHrXStS/Nmw==

tinycolor2@^1.1.2, tinycolor2@^1.4.1:
  version "1.4.1"
  resolved "https://registry.yarnpkg.com/tinycolor2/-/tinycolor2-1.4.1.tgz#f4fad333447bc0b07d4dc8e9209d8f39a8ac77e8"
  integrity sha1-9PrTM0R7wLB9TcjpIJ2POaisd+g=

tough-cookie@~2.5.0:
  version "2.5.0"
  resolved "https://registry.yarnpkg.com/tough-cookie/-/tough-cookie-2.5.0.tgz#cd9fb2a0aa1d5a12b473bd9fb96fa3dcff65ade2"
  integrity sha512-nlLsUzgm1kfLXSXfRZMc1KLAugd4hqJHDTvc2hDIwS3mZAfMEuMbc03SujMF+GEcpaX/qboeycw6iO8JwVv2+g==
  dependencies:
    psl "^1.1.28"
    punycode "^2.1.1"

tunnel-agent@^0.6.0:
  version "0.6.0"
  resolved "https://registry.yarnpkg.com/tunnel-agent/-/tunnel-agent-0.6.0.tgz#27a5dea06b36b04a0a9966774b290868f0fc40fd"
  integrity sha1-J6XeoGs2sEoKmWZ3SykIaPD8QP0=
  dependencies:
    safe-buffer "^5.0.1"

tweetnacl@^0.14.3, tweetnacl@~0.14.0:
  version "0.14.5"
  resolved "https://registry.yarnpkg.com/tweetnacl/-/tweetnacl-0.14.5.tgz#5ae68177f192d4456269d108afa93ff8743f4f64"
  integrity sha1-WuaBd/GS1EViadEIr6k/+HQ/T2Q=

uri-js@^4.2.2:
  version "4.2.2"
  resolved "https://registry.yarnpkg.com/uri-js/-/uri-js-4.2.2.tgz#94c540e1ff772956e2299507c010aea6c8838eb0"
  integrity sha512-KY9Frmirql91X2Qgjry0Wd4Y+YTdrdZheS8TFwvkbLWf/G5KNJDCh6pKL5OZctEW4+0Baa5idK2ZQuELRwPznQ==
  dependencies:
    punycode "^2.1.0"

url-regex@^3.0.0:
  version "3.2.0"
  resolved "https://registry.yarnpkg.com/url-regex/-/url-regex-3.2.0.tgz#dbad1e0c9e29e105dd0b1f09f6862f7fdb482724"
  integrity sha1-260eDJ4p4QXdCx8J9oYvf9tIJyQ=
  dependencies:
    ip-regex "^1.0.1"

url@^0.11.0:
  version "0.11.0"
  resolved "https://registry.yarnpkg.com/url/-/url-0.11.0.tgz#3838e97cfc60521eb73c525a8e55bfdd9e2e28f1"
  integrity sha1-ODjpfPxgUh63PFJajlW/3Z4uKPE=
  dependencies:
    punycode "1.3.2"
    querystring "0.2.0"

utif@^2.0.1:
  version "2.0.1"
  resolved "https://registry.yarnpkg.com/utif/-/utif-2.0.1.tgz#9e1582d9bbd20011a6588548ed3266298e711759"
  integrity sha512-Z/S1fNKCicQTf375lIP9G8Sa1H/phcysstNrrSdZKj1f9g58J4NMgb5IgiEZN9/nLMPDwF0W7hdOe9Qq2IYoLg==
  dependencies:
    pako "^1.0.5"

uuid@^3.3.2:
  version "3.4.0"
  resolved "https://registry.yarnpkg.com/uuid/-/uuid-3.4.0.tgz#b23e4358afa8a202fe7a100af1f5f883f02007ee"
  integrity sha512-HjSDRw6gZE5JMggctHBcjVak08+KEVhSIiDzFnT9S9aegmp85S/bReBVTb4QTFaRNptJ9kuYaNhnbNEOkbKb/A==

verror@1.10.0:
  version "1.10.0"
  resolved "https://registry.yarnpkg.com/verror/-/verror-1.10.0.tgz#3a105ca17053af55d6e270c1f8288682e18da400"
  integrity sha1-OhBcoXBTr1XW4nDB+CiGguGNpAA=
  dependencies:
    assert-plus "^1.0.0"
    core-util-is "1.0.2"
    extsprintf "^1.2.0"

webp-converter@^2.2.3:
  version "2.2.3"
  resolved "https://registry.yarnpkg.com/webp-converter/-/webp-converter-2.2.3.tgz#ffee88b2f23b0b6d14ecb1ec34bd8b6e529171f1"
  integrity sha512-ROjdJNNJlqYX5cDQ0XO7ae9AD9asmYAR2nX2Y7ix1SA/hsWbdEAoL61ApqOPvoGZHldHq+yOhmRYlrTNBBcAMA==

xhr@^2.0.1:
  version "2.5.0"
  resolved "https://registry.yarnpkg.com/xhr/-/xhr-2.5.0.tgz#bed8d1676d5ca36108667692b74b316c496e49dd"
  integrity sha512-4nlO/14t3BNUZRXIXfXe+3N6w3s1KoxcJUUURctd64BLRe67E4gRwp4PjywtDY72fXpZ1y6Ch0VZQRY/gMPzzQ==
  dependencies:
    global "~4.3.0"
    is-function "^1.0.1"
    parse-headers "^2.0.0"
    xtend "^4.0.0"

xml-parse-from-string@^1.0.0:
  version "1.0.1"
  resolved "https://registry.yarnpkg.com/xml-parse-from-string/-/xml-parse-from-string-1.0.1.tgz#a9029e929d3dbcded169f3c6e28238d95a5d5a28"
  integrity sha1-qQKekp09vN7RafPG4oI42VpdWig=

xml2js@^0.4.5:
  version "0.4.23"
  resolved "https://registry.yarnpkg.com/xml2js/-/xml2js-0.4.23.tgz#a0c69516752421eb2ac758ee4d4ccf58843eac66"
  integrity sha512-ySPiMjM0+pLDftHgXY4By0uswI3SPKLDw/i3UXbnO8M/p28zqexCUoPmQFrYD+/1BzhGJSs2i1ERWKJAtiLrug==
  dependencies:
    sax ">=0.6.0"
    xmlbuilder "~11.0.0"

xmlbuilder@~11.0.0:
  version "11.0.1"
  resolved "https://registry.yarnpkg.com/xmlbuilder/-/xmlbuilder-11.0.1.tgz#be9bae1c8a046e76b31127726347d0ad7002beb3"
  integrity sha512-fDlsI/kFEx7gLvbecc0/ohLG50fugQp8ryHzMTuW9vSa1GJ0XYWKnhsUx7oie3G98+r56aTQIUB4kht42R3JvA==

xtend@^4.0.0:
  version "4.0.2"
  resolved "https://registry.yarnpkg.com/xtend/-/xtend-4.0.2.tgz#bb72779f5fa465186b1f438f674fa347fdb5db54"
  integrity sha512-LKYU1iAXJXUgAXn9URjiu+MWhyUXHsvfp7mcuYm9dSUKK0/CjtrUwFAxD82/mCWbtLsGjFIad0wIsod4zrTAEQ==
